// !$*UTF8*$!
{
	archiveVersion = 1;
	classes = {
	};
	objectVersion = 56;
	objects = {

/* Begin PBXBuildFile section */
		D64F9BD92CE7ECB7008D1167 /* FirebaseAuth in Frameworks */ = {isa = PBXBuildFile; productRef = D64F9BD82CE7ECB7008D1167 /* FirebaseAuth */; };
		D64F9BDB2CE7ECB7008D1167 /* FirebaseCore in Frameworks */ = {isa = PBXBuildFile; productRef = D64F9BDA2CE7ECB7008D1167 /* FirebaseCore */; };
		D64F9BDD2CE7ECB7008D1167 /* FirebaseFirestore in Frameworks */ = {isa = PBXBuildFile; productRef = D64F9BDC2CE7ECB7008D1167 /* FirebaseFirestore */; };
		D64F9BDF2CE7EFAF008D1167 /* GoogleService-Info.plist in Resources */ = {isa = PBXBuildFile; fileRef = D64F9BDE2CE7EFAE008D1167 /* GoogleService-Info.plist */; };
		D64F9BE52CEBBE01008D1167 /* Messages.swift in Sources */ = {isa = PBXBuildFile; fileRef = D64F9BE42CEBBDF7008D1167 /* Messages.swift */; };
		D64F9BE72CF4D82C008D1167 /* AccountPage.swift in Sources */ = {isa = PBXBuildFile; fileRef = D64F9BE62CF4D822008D1167 /* AccountPage.swift */; };
		D66E883D2CBAEE9A00D714F3 /* ExpertzApp.swift in Sources */ = {isa = PBXBuildFile; fileRef = D66E883C2CBAEE9A00D714F3 /* ExpertzApp.swift */; };
		D66E883F2CBAEE9A00D714F3 /* ContentView.swift in Sources */ = {isa = PBXBuildFile; fileRef = D66E883E2CBAEE9A00D714F3 /* ContentView.swift */; };
		D66E88412CBAEE9B00D714F3 /* Assets.xcassets in Resources */ = {isa = PBXBuildFile; fileRef = D66E88402CBAEE9B00D714F3 /* Assets.xcassets */; };
		D66E88442CBAEE9B00D714F3 /* Preview Assets.xcassets in Resources */ = {isa = PBXBuildFile; fileRef = D66E88432CBAEE9B00D714F3 /* Preview Assets.xcassets */; };
		D66E884E2CBAEE9C00D714F3 /* ExpertzTests.swift in Sources */ = {isa = PBXBuildFile; fileRef = D66E884D2CBAEE9C00D714F3 /* ExpertzTests.swift */; };
		D66E88582CBAEE9C00D714F3 /* ExpertzUITests.swift in Sources */ = {isa = PBXBuildFile; fileRef = D66E88572CBAEE9C00D714F3 /* ExpertzUITests.swift */; };
		D66E885A2CBAEE9C00D714F3 /* ExpertzUITestsLaunchTests.swift in Sources */ = {isa = PBXBuildFile; fileRef = D66E88592CBAEE9C00D714F3 /* ExpertzUITestsLaunchTests.swift */; };
		D66E886E2CBC765100D714F3 /* Introduction.swift in Sources */ = {isa = PBXBuildFile; fileRef = D66E886D2CBC765100D714F3 /* Introduction.swift */; };
		D66E88702CBC769900D714F3 /* Homepage.swift in Sources */ = {isa = PBXBuildFile; fileRef = D66E886F2CBC769900D714F3 /* Homepage.swift */; };
		D66E88722CBC76C500D714F3 /* AccType.swift in Sources */ = {isa = PBXBuildFile; fileRef = D66E88712CBC76C500D714F3 /* AccType.swift */; };
		D66E88742CBC76EB00D714F3 /* SignIn.swift in Sources */ = {isa = PBXBuildFile; fileRef = D66E88732CBC76EB00D714F3 /* SignIn.swift */; };
		D66E88762CBC770D00D714F3 /* SignUp.swift in Sources */ = {isa = PBXBuildFile; fileRef = D66E88752CBC770D00D714F3 /* SignUp.swift */; };
		D66E88782CBC777000D714F3 /* SignUpName.swift in Sources */ = {isa = PBXBuildFile; fileRef = D66E88772CBC777000D714F3 /* SignUpName.swift */; };
		D66E887A2CBC77A100D714F3 /* SignUpEmail.swift in Sources */ = {isa = PBXBuildFile; fileRef = D66E88792CBC77A100D714F3 /* SignUpEmail.swift */; };
		D66E887C2CBD742F00D714F3 /* Theme.swift in Sources */ = {isa = PBXBuildFile; fileRef = D66E887B2CBD742F00D714F3 /* Theme.swift */; };
		D66E887E2CBD874300D714F3 /* ViewModifier.swift in Sources */ = {isa = PBXBuildFile; fileRef = D66E887D2CBD874300D714F3 /* ViewModifier.swift */; };
		D66E88802CBEEE0E00D714F3 /* SignUpGoogle.swift in Sources */ = {isa = PBXBuildFile; fileRef = D66E887F2CBEEE0E00D714F3 /* SignUpGoogle.swift */; };
		D680E9F12CF6D69E00EBEFCB /* Bubbles.swift in Sources */ = {isa = PBXBuildFile; fileRef = D680E9F02CF6D69900EBEFCB /* Bubbles.swift */; };
		D680E9F32CF6DA2400EBEFCB /* Settings.swift in Sources */ = {isa = PBXBuildFile; fileRef = D680E9F22CF6DA1F00EBEFCB /* Settings.swift */; };
		D680E9F52CF6E7B600EBEFCB /* PostJobView.swift in Sources */ = {isa = PBXBuildFile; fileRef = D680E9F42CF6E7AD00EBEFCB /* PostJobView.swift */; };
		D680E9F72CF7060400EBEFCB /* ViewRequests.swift in Sources */ = {isa = PBXBuildFile; fileRef = D680E9F62CF705FB00EBEFCB /* ViewRequests.swift */; };
		D81AAD632CF86ACD0040FC7A /* Chat.swift in Sources */ = {isa = PBXBuildFile; fileRef = D81AAD622CF86ACD0040FC7A /* Chat.swift */; };
		D81AAD652CF86AD80040FC7A /* Message.swift in Sources */ = {isa = PBXBuildFile; fileRef = D81AAD642CF86AD80040FC7A /* Message.swift */; };
		D81AAD682CF86B3B0040FC7A /* ChatManager.swift in Sources */ = {isa = PBXBuildFile; fileRef = D81AAD672CF86B3B0040FC7A /* ChatManager.swift */; };
		D81AAD6A2CF86B4B0040FC7A /* MessageManager.swift in Sources */ = {isa = PBXBuildFile; fileRef = D81AAD692CF86B4B0040FC7A /* MessageManager.swift */; };
		D81AAD6C2CF88A610040FC7A /* ChatRoom.swift in Sources */ = {isa = PBXBuildFile; fileRef = D81AAD6B2CF88A610040FC7A /* ChatRoom.swift */; };
/* End PBXBuildFile section */

/* Begin PBXContainerItemProxy section */
		D66E884A2CBAEE9C00D714F3 /* PBXContainerItemProxy */ = {
			isa = PBXContainerItemProxy;
			containerPortal = D66E88312CBAEE9A00D714F3 /* Project object */;
			proxyType = 1;
			remoteGlobalIDString = D66E88382CBAEE9A00D714F3;
			remoteInfo = Expertz;
		};
		D66E88542CBAEE9C00D714F3 /* PBXContainerItemProxy */ = {
			isa = PBXContainerItemProxy;
			containerPortal = D66E88312CBAEE9A00D714F3 /* Project object */;
			proxyType = 1;
			remoteGlobalIDString = D66E88382CBAEE9A00D714F3;
			remoteInfo = Expertz;
		};
/* End PBXContainerItemProxy section */

/* Begin PBXFileReference section */
		D64F9BDE2CE7EFAE008D1167 /* GoogleService-Info.plist */ = {isa = PBXFileReference; lastKnownFileType = text.plist.xml; path = "GoogleService-Info.plist"; sourceTree = "<group>"; };
		D64F9BE42CEBBDF7008D1167 /* Messages.swift */ = {isa = PBXFileReference; lastKnownFileType = sourcecode.swift; path = Messages.swift; sourceTree = "<group>"; };
		D64F9BE62CF4D822008D1167 /* AccountPage.swift */ = {isa = PBXFileReference; lastKnownFileType = sourcecode.swift; path = AccountPage.swift; sourceTree = "<group>"; };
		D66E88392CBAEE9A00D714F3 /* Expertz.app */ = {isa = PBXFileReference; explicitFileType = wrapper.application; includeInIndex = 0; path = Expertz.app; sourceTree = BUILT_PRODUCTS_DIR; };
		D66E883C2CBAEE9A00D714F3 /* ExpertzApp.swift */ = {isa = PBXFileReference; lastKnownFileType = sourcecode.swift; path = ExpertzApp.swift; sourceTree = "<group>"; };
		D66E883E2CBAEE9A00D714F3 /* ContentView.swift */ = {isa = PBXFileReference; lastKnownFileType = sourcecode.swift; path = ContentView.swift; sourceTree = "<group>"; };
		D66E88402CBAEE9B00D714F3 /* Assets.xcassets */ = {isa = PBXFileReference; lastKnownFileType = folder.assetcatalog; path = Assets.xcassets; sourceTree = "<group>"; };
		D66E88432CBAEE9B00D714F3 /* Preview Assets.xcassets */ = {isa = PBXFileReference; lastKnownFileType = folder.assetcatalog; path = "Preview Assets.xcassets"; sourceTree = "<group>"; };
		D66E88492CBAEE9C00D714F3 /* ExpertzTests.xctest */ = {isa = PBXFileReference; explicitFileType = wrapper.cfbundle; includeInIndex = 0; path = ExpertzTests.xctest; sourceTree = BUILT_PRODUCTS_DIR; };
		D66E884D2CBAEE9C00D714F3 /* ExpertzTests.swift */ = {isa = PBXFileReference; lastKnownFileType = sourcecode.swift; path = ExpertzTests.swift; sourceTree = "<group>"; };
		D66E88532CBAEE9C00D714F3 /* ExpertzUITests.xctest */ = {isa = PBXFileReference; explicitFileType = wrapper.cfbundle; includeInIndex = 0; path = ExpertzUITests.xctest; sourceTree = BUILT_PRODUCTS_DIR; };
		D66E88572CBAEE9C00D714F3 /* ExpertzUITests.swift */ = {isa = PBXFileReference; lastKnownFileType = sourcecode.swift; path = ExpertzUITests.swift; sourceTree = "<group>"; };
		D66E88592CBAEE9C00D714F3 /* ExpertzUITestsLaunchTests.swift */ = {isa = PBXFileReference; lastKnownFileType = sourcecode.swift; path = ExpertzUITestsLaunchTests.swift; sourceTree = "<group>"; };
		D66E886D2CBC765100D714F3 /* Introduction.swift */ = {isa = PBXFileReference; lastKnownFileType = sourcecode.swift; path = Introduction.swift; sourceTree = "<group>"; };
		D66E886F2CBC769900D714F3 /* Homepage.swift */ = {isa = PBXFileReference; lastKnownFileType = sourcecode.swift; path = Homepage.swift; sourceTree = "<group>"; };
		D66E88712CBC76C500D714F3 /* AccType.swift */ = {isa = PBXFileReference; lastKnownFileType = sourcecode.swift; path = AccType.swift; sourceTree = "<group>"; };
		D66E88732CBC76EB00D714F3 /* SignIn.swift */ = {isa = PBXFileReference; lastKnownFileType = sourcecode.swift; path = SignIn.swift; sourceTree = "<group>"; };
		D66E88752CBC770D00D714F3 /* SignUp.swift */ = {isa = PBXFileReference; lastKnownFileType = sourcecode.swift; path = SignUp.swift; sourceTree = "<group>"; };
		D66E88772CBC777000D714F3 /* SignUpName.swift */ = {isa = PBXFileReference; lastKnownFileType = sourcecode.swift; path = SignUpName.swift; sourceTree = "<group>"; };
		D66E88792CBC77A100D714F3 /* SignUpEmail.swift */ = {isa = PBXFileReference; lastKnownFileType = sourcecode.swift; path = SignUpEmail.swift; sourceTree = "<group>"; };
		D66E887B2CBD742F00D714F3 /* Theme.swift */ = {isa = PBXFileReference; lastKnownFileType = sourcecode.swift; path = Theme.swift; sourceTree = "<group>"; };
		D66E887D2CBD874300D714F3 /* ViewModifier.swift */ = {isa = PBXFileReference; lastKnownFileType = sourcecode.swift; path = ViewModifier.swift; sourceTree = "<group>"; };
		D66E887F2CBEEE0E00D714F3 /* SignUpGoogle.swift */ = {isa = PBXFileReference; lastKnownFileType = sourcecode.swift; path = SignUpGoogle.swift; sourceTree = "<group>"; };
		D680E9F02CF6D69900EBEFCB /* Bubbles.swift */ = {isa = PBXFileReference; lastKnownFileType = sourcecode.swift; path = Bubbles.swift; sourceTree = "<group>"; };
		D680E9F22CF6DA1F00EBEFCB /* Settings.swift */ = {isa = PBXFileReference; lastKnownFileType = sourcecode.swift; path = Settings.swift; sourceTree = "<group>"; };
		D680E9F42CF6E7AD00EBEFCB /* PostJobView.swift */ = {isa = PBXFileReference; lastKnownFileType = sourcecode.swift; path = PostJobView.swift; sourceTree = "<group>"; };
		D680E9F62CF705FB00EBEFCB /* ViewRequests.swift */ = {isa = PBXFileReference; lastKnownFileType = sourcecode.swift; path = ViewRequests.swift; sourceTree = "<group>"; };
		D81AAD622CF86ACD0040FC7A /* Chat.swift */ = {isa = PBXFileReference; lastKnownFileType = sourcecode.swift; path = Chat.swift; sourceTree = "<group>"; };
		D81AAD642CF86AD80040FC7A /* Message.swift */ = {isa = PBXFileReference; lastKnownFileType = sourcecode.swift; path = Message.swift; sourceTree = "<group>"; };
		D81AAD672CF86B3B0040FC7A /* ChatManager.swift */ = {isa = PBXFileReference; lastKnownFileType = sourcecode.swift; path = ChatManager.swift; sourceTree = "<group>"; };
		D81AAD692CF86B4B0040FC7A /* MessageManager.swift */ = {isa = PBXFileReference; lastKnownFileType = sourcecode.swift; path = MessageManager.swift; sourceTree = "<group>"; };
		D81AAD6B2CF88A610040FC7A /* ChatRoom.swift */ = {isa = PBXFileReference; lastKnownFileType = sourcecode.swift; path = ChatRoom.swift; sourceTree = "<group>"; };
/* End PBXFileReference section */

/* Begin PBXFrameworksBuildPhase section */
		D66E88362CBAEE9A00D714F3 /* Frameworks */ = {
			isa = PBXFrameworksBuildPhase;
			buildActionMask = 2147483647;
			files = (
				D64F9BDB2CE7ECB7008D1167 /* FirebaseCore in Frameworks */,
				D64F9BD92CE7ECB7008D1167 /* FirebaseAuth in Frameworks */,
				D64F9BDD2CE7ECB7008D1167 /* FirebaseFirestore in Frameworks */,
			);
			runOnlyForDeploymentPostprocessing = 0;
		};
		D66E88462CBAEE9C00D714F3 /* Frameworks */ = {
			isa = PBXFrameworksBuildPhase;
			buildActionMask = 2147483647;
			files = (
			);
			runOnlyForDeploymentPostprocessing = 0;
		};
		D66E88502CBAEE9C00D714F3 /* Frameworks */ = {
			isa = PBXFrameworksBuildPhase;
			buildActionMask = 2147483647;
			files = (
			);
			runOnlyForDeploymentPostprocessing = 0;
		};
/* End PBXFrameworksBuildPhase section */

/* Begin PBXGroup section */
		D66E88302CBAEE9A00D714F3 = {
			isa = PBXGroup;
			children = (
				D66E883B2CBAEE9A00D714F3 /* Expertz */,
				D66E884C2CBAEE9C00D714F3 /* ExpertzTests */,
				D66E88562CBAEE9C00D714F3 /* ExpertzUITests */,
				D66E883A2CBAEE9A00D714F3 /* Products */,
			);
			sourceTree = "<group>";
		};
		D66E883A2CBAEE9A00D714F3 /* Products */ = {
			isa = PBXGroup;
			children = (
				D66E88392CBAEE9A00D714F3 /* Expertz.app */,
				D66E88492CBAEE9C00D714F3 /* ExpertzTests.xctest */,
				D66E88532CBAEE9C00D714F3 /* ExpertzUITests.xctest */,
			);
			name = Products;
			sourceTree = "<group>";
		};
		D66E883B2CBAEE9A00D714F3 /* Expertz */ = {
			isa = PBXGroup;
			children = (
				D66E883C2CBAEE9A00D714F3 /* ExpertzApp.swift */,
				D66E883E2CBAEE9A00D714F3 /* ContentView.swift */,
				D66E887B2CBD742F00D714F3 /* Theme.swift */,
				D66E887D2CBD874300D714F3 /* ViewModifier.swift */,
				D81AAD612CF86A9B0040FC7A /* Models */,
				D66E886A2CBC75A000D714F3 /* Views */,
				D81AAD662CF86B0D0040FC7A /* ViewModels */,
				D66E88402CBAEE9B00D714F3 /* Assets.xcassets */,
				D66E88422CBAEE9B00D714F3 /* Preview Content */,
				D64F9BDE2CE7EFAE008D1167 /* GoogleService-Info.plist */,
			);
			path = Expertz;
			sourceTree = "<group>";
		};
		D66E88422CBAEE9B00D714F3 /* Preview Content */ = {
			isa = PBXGroup;
			children = (
				D66E88432CBAEE9B00D714F3 /* Preview Assets.xcassets */,
			);
			path = "Preview Content";
			sourceTree = "<group>";
		};
		D66E884C2CBAEE9C00D714F3 /* ExpertzTests */ = {
			isa = PBXGroup;
			children = (
				D66E884D2CBAEE9C00D714F3 /* ExpertzTests.swift */,
			);
			path = ExpertzTests;
			sourceTree = "<group>";
		};
		D66E88562CBAEE9C00D714F3 /* ExpertzUITests */ = {
			isa = PBXGroup;
			children = (
				D66E88572CBAEE9C00D714F3 /* ExpertzUITests.swift */,
				D66E88592CBAEE9C00D714F3 /* ExpertzUITestsLaunchTests.swift */,
			);
			path = ExpertzUITests;
			sourceTree = "<group>";
		};
		D66E886A2CBC75A000D714F3 /* Views */ = {
			isa = PBXGroup;
			children = (
				D680E9F62CF705FB00EBEFCB /* ViewRequests.swift */,
				D680E9F42CF6E7AD00EBEFCB /* PostJobView.swift */,
				D680E9F22CF6DA1F00EBEFCB /* Settings.swift */,
				D680E9F02CF6D69900EBEFCB /* Bubbles.swift */,
				D64F9BE62CF4D822008D1167 /* AccountPage.swift */,
				D64F9BE42CEBBDF7008D1167 /* Messages.swift */,
				D66E886D2CBC765100D714F3 /* Introduction.swift */,
				D66E886F2CBC769900D714F3 /* Homepage.swift */,
				D66E88712CBC76C500D714F3 /* AccType.swift */,
				D66E88732CBC76EB00D714F3 /* SignIn.swift */,
				D66E88752CBC770D00D714F3 /* SignUp.swift */,
				D66E887F2CBEEE0E00D714F3 /* SignUpGoogle.swift */,
				D66E88772CBC777000D714F3 /* SignUpName.swift */,
				D66E88792CBC77A100D714F3 /* SignUpEmail.swift */,
				D81AAD6B2CF88A610040FC7A /* ChatRoom.swift */,
			);
			path = Views;
			sourceTree = "<group>";
		};
		D81AAD612CF86A9B0040FC7A /* Models */ = {
			isa = PBXGroup;
			children = (
				D81AAD622CF86ACD0040FC7A /* Chat.swift */,
				D81AAD642CF86AD80040FC7A /* Message.swift */,
			);
			path = Models;
			sourceTree = "<group>";
		};
		D81AAD662CF86B0D0040FC7A /* ViewModels */ = {
			isa = PBXGroup;
			children = (
				D81AAD672CF86B3B0040FC7A /* ChatManager.swift */,
				D81AAD692CF86B4B0040FC7A /* MessageManager.swift */,
			);
			path = ViewModels;
			sourceTree = "<group>";
		};
/* End PBXGroup section */

/* Begin PBXNativeTarget section */
		D66E88382CBAEE9A00D714F3 /* Expertz */ = {
			isa = PBXNativeTarget;
			buildConfigurationList = D66E885D2CBAEE9C00D714F3 /* Build configuration list for PBXNativeTarget "Expertz" */;
			buildPhases = (
				D66E88352CBAEE9A00D714F3 /* Sources */,
				D66E88362CBAEE9A00D714F3 /* Frameworks */,
				D66E88372CBAEE9A00D714F3 /* Resources */,
			);
			buildRules = (
			);
			dependencies = (
			);
			name = Expertz;
			productName = Expertz;
			productReference = D66E88392CBAEE9A00D714F3 /* Expertz.app */;
			productType = "com.apple.product-type.application";
		};
		D66E88482CBAEE9C00D714F3 /* ExpertzTests */ = {
			isa = PBXNativeTarget;
			buildConfigurationList = D66E88602CBAEE9C00D714F3 /* Build configuration list for PBXNativeTarget "ExpertzTests" */;
			buildPhases = (
				D66E88452CBAEE9C00D714F3 /* Sources */,
				D66E88462CBAEE9C00D714F3 /* Frameworks */,
				D66E88472CBAEE9C00D714F3 /* Resources */,
			);
			buildRules = (
			);
			dependencies = (
				D66E884B2CBAEE9C00D714F3 /* PBXTargetDependency */,
			);
			name = ExpertzTests;
			productName = ExpertzTests;
			productReference = D66E88492CBAEE9C00D714F3 /* ExpertzTests.xctest */;
			productType = "com.apple.product-type.bundle.unit-test";
		};
		D66E88522CBAEE9C00D714F3 /* ExpertzUITests */ = {
			isa = PBXNativeTarget;
			buildConfigurationList = D66E88632CBAEE9C00D714F3 /* Build configuration list for PBXNativeTarget "ExpertzUITests" */;
			buildPhases = (
				D66E884F2CBAEE9C00D714F3 /* Sources */,
				D66E88502CBAEE9C00D714F3 /* Frameworks */,
				D66E88512CBAEE9C00D714F3 /* Resources */,
			);
			buildRules = (
			);
			dependencies = (
				D66E88552CBAEE9C00D714F3 /* PBXTargetDependency */,
			);
			name = ExpertzUITests;
			productName = ExpertzUITests;
			productReference = D66E88532CBAEE9C00D714F3 /* ExpertzUITests.xctest */;
			productType = "com.apple.product-type.bundle.ui-testing";
		};
/* End PBXNativeTarget section */

/* Begin PBXProject section */
		D66E88312CBAEE9A00D714F3 /* Project object */ = {
			isa = PBXProject;
			attributes = {
				BuildIndependentTargetsInParallel = 1;
				LastSwiftUpdateCheck = 1540;
				LastUpgradeCheck = 1540;
				TargetAttributes = {
					D66E88382CBAEE9A00D714F3 = {
						CreatedOnToolsVersion = 15.4;
					};
					D66E88482CBAEE9C00D714F3 = {
						CreatedOnToolsVersion = 15.4;
						TestTargetID = D66E88382CBAEE9A00D714F3;
					};
					D66E88522CBAEE9C00D714F3 = {
						CreatedOnToolsVersion = 15.4;
						TestTargetID = D66E88382CBAEE9A00D714F3;
					};
				};
			};
			buildConfigurationList = D66E88342CBAEE9A00D714F3 /* Build configuration list for PBXProject "Expertz" */;
			compatibilityVersion = "Xcode 14.0";
			developmentRegion = en;
			hasScannedForEncodings = 0;
			knownRegions = (
				en,
				Base,
			);
			mainGroup = D66E88302CBAEE9A00D714F3;
			packageReferences = (
				D64F9BD72CE7ECB7008D1167 /* XCRemoteSwiftPackageReference "firebase-ios-sdk" */,
			);
			productRefGroup = D66E883A2CBAEE9A00D714F3 /* Products */;
			projectDirPath = "";
			projectRoot = "";
			targets = (
				D66E88382CBAEE9A00D714F3 /* Expertz */,
				D66E88482CBAEE9C00D714F3 /* ExpertzTests */,
				D66E88522CBAEE9C00D714F3 /* ExpertzUITests */,
			);
		};
/* End PBXProject section */

/* Begin PBXResourcesBuildPhase section */
		D66E88372CBAEE9A00D714F3 /* Resources */ = {
			isa = PBXResourcesBuildPhase;
			buildActionMask = 2147483647;
			files = (
				D66E88442CBAEE9B00D714F3 /* Preview Assets.xcassets in Resources */,
				D66E88412CBAEE9B00D714F3 /* Assets.xcassets in Resources */,
				D64F9BDF2CE7EFAF008D1167 /* GoogleService-Info.plist in Resources */,
			);
			runOnlyForDeploymentPostprocessing = 0;
		};
		D66E88472CBAEE9C00D714F3 /* Resources */ = {
			isa = PBXResourcesBuildPhase;
			buildActionMask = 2147483647;
			files = (
			);
			runOnlyForDeploymentPostprocessing = 0;
		};
		D66E88512CBAEE9C00D714F3 /* Resources */ = {
			isa = PBXResourcesBuildPhase;
			buildActionMask = 2147483647;
			files = (
			);
			runOnlyForDeploymentPostprocessing = 0;
		};
/* End PBXResourcesBuildPhase section */

/* Begin PBXSourcesBuildPhase section */
		D66E88352CBAEE9A00D714F3 /* Sources */ = {
			isa = PBXSourcesBuildPhase;
			buildActionMask = 2147483647;
			files = (
				D66E88762CBC770D00D714F3 /* SignUp.swift in Sources */,
				D66E883F2CBAEE9A00D714F3 /* ContentView.swift in Sources */,
				D81AAD632CF86ACD0040FC7A /* Chat.swift in Sources */,
				D64F9BE72CF4D82C008D1167 /* AccountPage.swift in Sources */,
				D66E88782CBC777000D714F3 /* SignUpName.swift in Sources */,
				D66E883D2CBAEE9A00D714F3 /* ExpertzApp.swift in Sources */,
				D66E88722CBC76C500D714F3 /* AccType.swift in Sources */,
				D66E88742CBC76EB00D714F3 /* SignIn.swift in Sources */,
				D64F9BE52CEBBE01008D1167 /* Messages.swift in Sources */,
				D66E88702CBC769900D714F3 /* Homepage.swift in Sources */,
				D66E887C2CBD742F00D714F3 /* Theme.swift in Sources */,
				D680E9F32CF6DA2400EBEFCB /* Settings.swift in Sources */,
				D680E9F52CF6E7B600EBEFCB /* PostJobView.swift in Sources */,
				D680E9F12CF6D69E00EBEFCB /* Bubbles.swift in Sources */,
				D81AAD6C2CF88A610040FC7A /* ChatRoom.swift in Sources */,
				D66E88802CBEEE0E00D714F3 /* SignUpGoogle.swift in Sources */,
				D66E886E2CBC765100D714F3 /* Introduction.swift in Sources */,
				D66E887E2CBD874300D714F3 /* ViewModifier.swift in Sources */,
				D81AAD652CF86AD80040FC7A /* Message.swift in Sources */,
				D81AAD682CF86B3B0040FC7A /* ChatManager.swift in Sources */,
				D680E9F72CF7060400EBEFCB /* ViewRequests.swift in Sources */,
				D66E887A2CBC77A100D714F3 /* SignUpEmail.swift in Sources */,
				D81AAD6A2CF86B4B0040FC7A /* MessageManager.swift in Sources */,
			);
			runOnlyForDeploymentPostprocessing = 0;
		};
		D66E88452CBAEE9C00D714F3 /* Sources */ = {
			isa = PBXSourcesBuildPhase;
			buildActionMask = 2147483647;
			files = (
				D66E884E2CBAEE9C00D714F3 /* ExpertzTests.swift in Sources */,
			);
			runOnlyForDeploymentPostprocessing = 0;
		};
		D66E884F2CBAEE9C00D714F3 /* Sources */ = {
			isa = PBXSourcesBuildPhase;
			buildActionMask = 2147483647;
			files = (
				D66E88582CBAEE9C00D714F3 /* ExpertzUITests.swift in Sources */,
				D66E885A2CBAEE9C00D714F3 /* ExpertzUITestsLaunchTests.swift in Sources */,
			);
			runOnlyForDeploymentPostprocessing = 0;
		};
/* End PBXSourcesBuildPhase section */

/* Begin PBXTargetDependency section */
		D66E884B2CBAEE9C00D714F3 /* PBXTargetDependency */ = {
			isa = PBXTargetDependency;
			target = D66E88382CBAEE9A00D714F3 /* Expertz */;
			targetProxy = D66E884A2CBAEE9C00D714F3 /* PBXContainerItemProxy */;
		};
		D66E88552CBAEE9C00D714F3 /* PBXTargetDependency */ = {
			isa = PBXTargetDependency;
			target = D66E88382CBAEE9A00D714F3 /* Expertz */;
			targetProxy = D66E88542CBAEE9C00D714F3 /* PBXContainerItemProxy */;
		};
/* End PBXTargetDependency section */

/* Begin XCBuildConfiguration section */
		D66E885B2CBAEE9C00D714F3 /* Debug */ = {
			isa = XCBuildConfiguration;
			buildSettings = {
				ALWAYS_SEARCH_USER_PATHS = NO;
				ASSETCATALOG_COMPILER_GENERATE_SWIFT_ASSET_SYMBOL_EXTENSIONS = YES;
				CLANG_ANALYZER_NONNULL = YES;
				CLANG_ANALYZER_NUMBER_OBJECT_CONVERSION = YES_AGGRESSIVE;
				CLANG_CXX_LANGUAGE_STANDARD = "gnu++20";
				CLANG_ENABLE_MODULES = YES;
				CLANG_ENABLE_OBJC_ARC = YES;
				CLANG_ENABLE_OBJC_WEAK = YES;
				CLANG_WARN_BLOCK_CAPTURE_AUTORELEASING = YES;
				CLANG_WARN_BOOL_CONVERSION = YES;
				CLANG_WARN_COMMA = YES;
				CLANG_WARN_CONSTANT_CONVERSION = YES;
				CLANG_WARN_DEPRECATED_OBJC_IMPLEMENTATIONS = YES;
				CLANG_WARN_DIRECT_OBJC_ISA_USAGE = YES_ERROR;
				CLANG_WARN_DOCUMENTATION_COMMENTS = YES;
				CLANG_WARN_EMPTY_BODY = YES;
				CLANG_WARN_ENUM_CONVERSION = YES;
				CLANG_WARN_INFINITE_RECURSION = YES;
				CLANG_WARN_INT_CONVERSION = YES;
				CLANG_WARN_NON_LITERAL_NULL_CONVERSION = YES;
				CLANG_WARN_OBJC_IMPLICIT_RETAIN_SELF = YES;
				CLANG_WARN_OBJC_LITERAL_CONVERSION = YES;
				CLANG_WARN_OBJC_ROOT_CLASS = YES_ERROR;
				CLANG_WARN_QUOTED_INCLUDE_IN_FRAMEWORK_HEADER = YES;
				CLANG_WARN_RANGE_LOOP_ANALYSIS = YES;
				CLANG_WARN_STRICT_PROTOTYPES = YES;
				CLANG_WARN_SUSPICIOUS_MOVE = YES;
				CLANG_WARN_UNGUARDED_AVAILABILITY = YES_AGGRESSIVE;
				CLANG_WARN_UNREACHABLE_CODE = YES;
				CLANG_WARN__DUPLICATE_METHOD_MATCH = YES;
				COPY_PHASE_STRIP = NO;
				DEBUG_INFORMATION_FORMAT = dwarf;
				ENABLE_STRICT_OBJC_MSGSEND = YES;
				ENABLE_TESTABILITY = YES;
				ENABLE_USER_SCRIPT_SANDBOXING = YES;
				GCC_C_LANGUAGE_STANDARD = gnu17;
				GCC_DYNAMIC_NO_PIC = NO;
				GCC_NO_COMMON_BLOCKS = YES;
				GCC_OPTIMIZATION_LEVEL = 0;
				GCC_PREPROCESSOR_DEFINITIONS = (
					"DEBUG=1",
					"$(inherited)",
				);
				GCC_WARN_64_TO_32_BIT_CONVERSION = YES;
				GCC_WARN_ABOUT_RETURN_TYPE = YES_ERROR;
				GCC_WARN_UNDECLARED_SELECTOR = YES;
				GCC_WARN_UNINITIALIZED_AUTOS = YES_AGGRESSIVE;
				GCC_WARN_UNUSED_FUNCTION = YES;
				GCC_WARN_UNUSED_VARIABLE = YES;
				IPHONEOS_DEPLOYMENT_TARGET = 17.5;
				LOCALIZATION_PREFERS_STRING_CATALOGS = YES;
				MTL_ENABLE_DEBUG_INFO = INCLUDE_SOURCE;
				MTL_FAST_MATH = YES;
				ONLY_ACTIVE_ARCH = YES;
				SDKROOT = iphoneos;
				SWIFT_ACTIVE_COMPILATION_CONDITIONS = "DEBUG $(inherited)";
				SWIFT_OPTIMIZATION_LEVEL = "-Onone";
			};
			name = Debug;
		};
		D66E885C2CBAEE9C00D714F3 /* Release */ = {
			isa = XCBuildConfiguration;
			buildSettings = {
				ALWAYS_SEARCH_USER_PATHS = NO;
				ASSETCATALOG_COMPILER_GENERATE_SWIFT_ASSET_SYMBOL_EXTENSIONS = YES;
				CLANG_ANALYZER_NONNULL = YES;
				CLANG_ANALYZER_NUMBER_OBJECT_CONVERSION = YES_AGGRESSIVE;
				CLANG_CXX_LANGUAGE_STANDARD = "gnu++20";
				CLANG_ENABLE_MODULES = YES;
				CLANG_ENABLE_OBJC_ARC = YES;
				CLANG_ENABLE_OBJC_WEAK = YES;
				CLANG_WARN_BLOCK_CAPTURE_AUTORELEASING = YES;
				CLANG_WARN_BOOL_CONVERSION = YES;
				CLANG_WARN_COMMA = YES;
				CLANG_WARN_CONSTANT_CONVERSION = YES;
				CLANG_WARN_DEPRECATED_OBJC_IMPLEMENTATIONS = YES;
				CLANG_WARN_DIRECT_OBJC_ISA_USAGE = YES_ERROR;
				CLANG_WARN_DOCUMENTATION_COMMENTS = YES;
				CLANG_WARN_EMPTY_BODY = YES;
				CLANG_WARN_ENUM_CONVERSION = YES;
				CLANG_WARN_INFINITE_RECURSION = YES;
				CLANG_WARN_INT_CONVERSION = YES;
				CLANG_WARN_NON_LITERAL_NULL_CONVERSION = YES;
				CLANG_WARN_OBJC_IMPLICIT_RETAIN_SELF = YES;
				CLANG_WARN_OBJC_LITERAL_CONVERSION = YES;
				CLANG_WARN_OBJC_ROOT_CLASS = YES_ERROR;
				CLANG_WARN_QUOTED_INCLUDE_IN_FRAMEWORK_HEADER = YES;
				CLANG_WARN_RANGE_LOOP_ANALYSIS = YES;
				CLANG_WARN_STRICT_PROTOTYPES = YES;
				CLANG_WARN_SUSPICIOUS_MOVE = YES;
				CLANG_WARN_UNGUARDED_AVAILABILITY = YES_AGGRESSIVE;
				CLANG_WARN_UNREACHABLE_CODE = YES;
				CLANG_WARN__DUPLICATE_METHOD_MATCH = YES;
				COPY_PHASE_STRIP = NO;
				DEBUG_INFORMATION_FORMAT = "dwarf-with-dsym";
				ENABLE_NS_ASSERTIONS = NO;
				ENABLE_STRICT_OBJC_MSGSEND = YES;
				ENABLE_USER_SCRIPT_SANDBOXING = YES;
				GCC_C_LANGUAGE_STANDARD = gnu17;
				GCC_NO_COMMON_BLOCKS = YES;
				GCC_WARN_64_TO_32_BIT_CONVERSION = YES;
				GCC_WARN_ABOUT_RETURN_TYPE = YES_ERROR;
				GCC_WARN_UNDECLARED_SELECTOR = YES;
				GCC_WARN_UNINITIALIZED_AUTOS = YES_AGGRESSIVE;
				GCC_WARN_UNUSED_FUNCTION = YES;
				GCC_WARN_UNUSED_VARIABLE = YES;
				IPHONEOS_DEPLOYMENT_TARGET = 17.5;
				LOCALIZATION_PREFERS_STRING_CATALOGS = YES;
				MTL_ENABLE_DEBUG_INFO = NO;
				MTL_FAST_MATH = YES;
				SDKROOT = iphoneos;
				SWIFT_COMPILATION_MODE = wholemodule;
				VALIDATE_PRODUCT = YES;
			};
			name = Release;
		};
		D66E885E2CBAEE9C00D714F3 /* Debug */ = {
			isa = XCBuildConfiguration;
			buildSettings = {
				ASSETCATALOG_COMPILER_APPICON_NAME = AppIcon;
				ASSETCATALOG_COMPILER_GLOBAL_ACCENT_COLOR_NAME = AccentColor;
				CODE_SIGN_STYLE = Automatic;
				CURRENT_PROJECT_VERSION = 1;
				DEVELOPMENT_ASSET_PATHS = "\"Expertz/Preview Content\"";
				ENABLE_PREVIEWS = YES;
				GENERATE_INFOPLIST_FILE = YES;
				INFOPLIST_KEY_UIApplicationSceneManifest_Generation = YES;
				INFOPLIST_KEY_UIApplicationSupportsIndirectInputEvents = YES;
				INFOPLIST_KEY_UILaunchScreen_Generation = YES;
				INFOPLIST_KEY_UISupportedInterfaceOrientations_iPad = "UIInterfaceOrientationPortrait UIInterfaceOrientationPortraitUpsideDown UIInterfaceOrientationLandscapeLeft UIInterfaceOrientationLandscapeRight";
				INFOPLIST_KEY_UISupportedInterfaceOrientations_iPhone = "UIInterfaceOrientationPortrait UIInterfaceOrientationLandscapeLeft UIInterfaceOrientationLandscapeRight";
				LD_RUNPATH_SEARCH_PATHS = (
					"$(inherited)",
					"@executable_path/Frameworks",
				);
				MARKETING_VERSION = 1.0;
				PRODUCT_BUNDLE_IDENTIFIER = EZ.Expertz;
				PRODUCT_NAME = "$(TARGET_NAME)";
				SWIFT_EMIT_LOC_STRINGS = YES;
				SWIFT_VERSION = 5.0;
				TARGETED_DEVICE_FAMILY = "1,2";
			};
			name = Debug;
		};
		D66E885F2CBAEE9C00D714F3 /* Release */ = {
			isa = XCBuildConfiguration;
			buildSettings = {
				ASSETCATALOG_COMPILER_APPICON_NAME = AppIcon;
				ASSETCATALOG_COMPILER_GLOBAL_ACCENT_COLOR_NAME = AccentColor;
				CODE_SIGN_STYLE = Automatic;
				CURRENT_PROJECT_VERSION = 1;
				DEVELOPMENT_ASSET_PATHS = "\"Expertz/Preview Content\"";
				ENABLE_PREVIEWS = YES;
				GENERATE_INFOPLIST_FILE = YES;
				INFOPLIST_KEY_UIApplicationSceneManifest_Generation = YES;
				INFOPLIST_KEY_UIApplicationSupportsIndirectInputEvents = YES;
				INFOPLIST_KEY_UILaunchScreen_Generation = YES;
				INFOPLIST_KEY_UISupportedInterfaceOrientations_iPad = "UIInterfaceOrientationPortrait UIInterfaceOrientationPortraitUpsideDown UIInterfaceOrientationLandscapeLeft UIInterfaceOrientationLandscapeRight";
				INFOPLIST_KEY_UISupportedInterfaceOrientations_iPhone = "UIInterfaceOrientationPortrait UIInterfaceOrientationLandscapeLeft UIInterfaceOrientationLandscapeRight";
				LD_RUNPATH_SEARCH_PATHS = (
					"$(inherited)",
					"@executable_path/Frameworks",
				);
				MARKETING_VERSION = 1.0;
				PRODUCT_BUNDLE_IDENTIFIER = EZ.Expertz;
				PRODUCT_NAME = "$(TARGET_NAME)";
				SWIFT_EMIT_LOC_STRINGS = YES;
				SWIFT_VERSION = 5.0;
				TARGETED_DEVICE_FAMILY = "1,2";
			};
			name = Release;
		};
		D66E88612CBAEE9C00D714F3 /* Debug */ = {
			isa = XCBuildConfiguration;
			buildSettings = {
				ALWAYS_EMBED_SWIFT_STANDARD_LIBRARIES = YES;
				BUNDLE_LOADER = "$(TEST_HOST)";
				CODE_SIGN_STYLE = Automatic;
				CURRENT_PROJECT_VERSION = 1;
				GENERATE_INFOPLIST_FILE = YES;
				IPHONEOS_DEPLOYMENT_TARGET = 17.5;
				MARKETING_VERSION = 1.0;
				PRODUCT_BUNDLE_IDENTIFIER = EZ.ExpertzTests;
				PRODUCT_NAME = "$(TARGET_NAME)";
				SWIFT_EMIT_LOC_STRINGS = NO;
				SWIFT_VERSION = 5.0;
				TARGETED_DEVICE_FAMILY = "1,2";
				TEST_HOST = "$(BUILT_PRODUCTS_DIR)/Expertz.app/$(BUNDLE_EXECUTABLE_FOLDER_PATH)/Expertz";
			};
			name = Debug;
		};
		D66E88622CBAEE9C00D714F3 /* Release */ = {
			isa = XCBuildConfiguration;
			buildSettings = {
				ALWAYS_EMBED_SWIFT_STANDARD_LIBRARIES = YES;
				BUNDLE_LOADER = "$(TEST_HOST)";
				CODE_SIGN_STYLE = Automatic;
				CURRENT_PROJECT_VERSION = 1;
				GENERATE_INFOPLIST_FILE = YES;
				IPHONEOS_DEPLOYMENT_TARGET = 17.5;
				MARKETING_VERSION = 1.0;
				PRODUCT_BUNDLE_IDENTIFIER = EZ.ExpertzTests;
				PRODUCT_NAME = "$(TARGET_NAME)";
				SWIFT_EMIT_LOC_STRINGS = NO;
				SWIFT_VERSION = 5.0;
				TARGETED_DEVICE_FAMILY = "1,2";
				TEST_HOST = "$(BUILT_PRODUCTS_DIR)/Expertz.app/$(BUNDLE_EXECUTABLE_FOLDER_PATH)/Expertz";
			};
			name = Release;
		};
		D66E88642CBAEE9C00D714F3 /* Debug */ = {
			isa = XCBuildConfiguration;
			buildSettings = {
				ALWAYS_EMBED_SWIFT_STANDARD_LIBRARIES = YES;
				CODE_SIGN_STYLE = Automatic;
				CURRENT_PROJECT_VERSION = 1;
				GENERATE_INFOPLIST_FILE = YES;
				MARKETING_VERSION = 1.0;
				PRODUCT_BUNDLE_IDENTIFIER = EZ.ExpertzUITests;
				PRODUCT_NAME = "$(TARGET_NAME)";
				SWIFT_EMIT_LOC_STRINGS = NO;
				SWIFT_VERSION = 5.0;
				TARGETED_DEVICE_FAMILY = "1,2";
				TEST_TARGET_NAME = Expertz;
			};
			name = Debug;
		};
		D66E88652CBAEE9C00D714F3 /* Release */ = {
			isa = XCBuildConfiguration;
			buildSettings = {
				ALWAYS_EMBED_SWIFT_STANDARD_LIBRARIES = YES;
				CODE_SIGN_STYLE = Automatic;
				CURRENT_PROJECT_VERSION = 1;
				GENERATE_INFOPLIST_FILE = YES;
				MARKETING_VERSION = 1.0;
				PRODUCT_BUNDLE_IDENTIFIER = EZ.ExpertzUITests;
				PRODUCT_NAME = "$(TARGET_NAME)";
				SWIFT_EMIT_LOC_STRINGS = NO;
				SWIFT_VERSION = 5.0;
				TARGETED_DEVICE_FAMILY = "1,2";
				TEST_TARGET_NAME = Expertz;
			};
			name = Release;
		};
/* End XCBuildConfiguration section */

/* Begin XCConfigurationList section */
		D66E88342CBAEE9A00D714F3 /* Build configuration list for PBXProject "Expertz" */ = {
			isa = XCConfigurationList;
			buildConfigurations = (
				D66E885B2CBAEE9C00D714F3 /* Debug */,
				D66E885C2CBAEE9C00D714F3 /* Release */,
			);
			defaultConfigurationIsVisible = 0;
			defaultConfigurationName = Release;
		};
		D66E885D2CBAEE9C00D714F3 /* Build configuration list for PBXNativeTarget "Expertz" */ = {
			isa = XCConfigurationList;
			buildConfigurations = (
				D66E885E2CBAEE9C00D714F3 /* Debug */,
				D66E885F2CBAEE9C00D714F3 /* Release */,
			);
			defaultConfigurationIsVisible = 0;
			defaultConfigurationName = Release;
		};
		D66E88602CBAEE9C00D714F3 /* Build configuration list for PBXNativeTarget "ExpertzTests" */ = {
			isa = XCConfigurationList;
			buildConfigurations = (
				D66E88612CBAEE9C00D714F3 /* Debug */,
				D66E88622CBAEE9C00D714F3 /* Release */,
			);
			defaultConfigurationIsVisible = 0;
			defaultConfigurationName = Release;
		};
		D66E88632CBAEE9C00D714F3 /* Build configuration list for PBXNativeTarget "ExpertzUITests" */ = {
			isa = XCConfigurationList;
			buildConfigurations = (
				D66E88642CBAEE9C00D714F3 /* Debug */,
				D66E88652CBAEE9C00D714F3 /* Release */,
			);
			defaultConfigurationIsVisible = 0;
			defaultConfigurationName = Release;
		};
/* End XCConfigurationList section */

/* Begin XCRemoteSwiftPackageReference section */
		D64F9BD72CE7ECB7008D1167 /* XCRemoteSwiftPackageReference "firebase-ios-sdk" */ = {
			isa = XCRemoteSwiftPackageReference;
			repositoryURL = "https://github.com/firebase/firebase-ios-sdk";
			requirement = {
				kind = upToNextMajorVersion;
				minimumVersion = 11.5.0;
			};
		};
/* End XCRemoteSwiftPackageReference section */

/* Begin XCSwiftPackageProductDependency section */
		D64F9BD82CE7ECB7008D1167 /* FirebaseAuth */ = {
			isa = XCSwiftPackageProductDependency;
			package = D64F9BD72CE7ECB7008D1167 /* XCRemoteSwiftPackageReference "firebase-ios-sdk" */;
			productName = FirebaseAuth;
		};
		D64F9BDA2CE7ECB7008D1167 /* FirebaseCore */ = {
			isa = XCSwiftPackageProductDependency;
			package = D64F9BD72CE7ECB7008D1167 /* XCRemoteSwiftPackageReference "firebase-ios-sdk" */;
			productName = FirebaseCore;
		};
		D64F9BDC2CE7ECB7008D1167 /* FirebaseFirestore */ = {
			isa = XCSwiftPackageProductDependency;
			package = D64F9BD72CE7ECB7008D1167 /* XCRemoteSwiftPackageReference "firebase-ios-sdk" */;
			productName = FirebaseFirestore;
		};
/* End XCSwiftPackageProductDependency section */
	};
	rootObject = D66E88312CBAEE9A00D714F3 /* Project object */;
}
